
Microsoft Visual Studio Solution File, Format Version 12.00
# Visual Studio 15
VisualStudioVersion = 15.0.27703.2042
MinimumVisualStudioVersion = 10.0.40219.1
Project("{FAE04EC0-301F-11D3-BF4B-00C04F79EFBC}") = "ShutDownPC", "ShutDown\ShutDownPC.csproj", "{2119DF1B-C182-40B6-BA21-03D2050D026A}"
EndProject
Global
	GlobalSection(SolutionConfigurationPlatforms) = preSolution
		Debug|Any CPU = Debug|Any CPU
		Release|Any CPU = Release|Any CPU
	EndGlobalSection
	GlobalSection(ProjectConfigurationPlatforms) = postSolution
		{2119DF1B-C182-40B6-BA21-03D2050D026A}.Debug|Any CPU.ActiveCfg = Debug|Any CPU
		{2119DF1B-C182-40B6-BA21-03D2050D026A}.Debug|Any CPU.Build.0 = Debug|Any CPU
		{2119DF1B-C182-40B6-BA21-03D2050D026A}.Release|Any CPU.ActiveCfg = Release|Any CPU
		{2119DF1B-C182-40B6-BA21-03D2050D026A}.Release|Any CPU.Build.0 = Release|Any CPU
	EndGlobalSection
	GlobalSection(SolutionProperties) = preSolution
		HideSolutionNode = FALSE
	EndGlobalSection
	GlobalSection(ExtensibilityGlobals) = postSolution
		SolutionGuid = {F5A78F14-BB12-4D30-938D-4A0697364B00}
	EndGlobalSection
EndGlobal
